// !$*UTF8*$!
{
	archiveVersion = 1;
	classes = {
	};
	objectVersion = 50;
	objects = {

/* Begin PBXBuildFile section */
		84E8FFB42159D17200A874E0 /* AppDelegate.swift in Sources */ = {isa = PBXBuildFile; fileRef = 84E8FFB32159D17200A874E0 /* AppDelegate.swift */; };
		84E8FFB62159D17200A874E0 /* ViewController.swift in Sources */ = {isa = PBXBuildFile; fileRef = 84E8FFB52159D17200A874E0 /* ViewController.swift */; };
		84E8FFB92159D17200A874E0 /* Main.storyboard in Resources */ = {isa = PBXBuildFile; fileRef = 84E8FFB72159D17200A874E0 /* Main.storyboard */; };
		84E8FFBB2159D17300A874E0 /* Assets.xcassets in Resources */ = {isa = PBXBuildFile; fileRef = 84E8FFBA2159D17300A874E0 /* Assets.xcassets */; };
		84E8FFBE2159D17300A874E0 /* LaunchScreen.storyboard in Resources */ = {isa = PBXBuildFile; fileRef = 84E8FFBC2159D17300A874E0 /* LaunchScreen.storyboard */; };
		84E8FFC92159D17300A874E0 /* CollectionViewExampleTests.swift in Sources */ = {isa = PBXBuildFile; fileRef = 84E8FFC82159D17300A874E0 /* CollectionViewExampleTests.swift */; };
		84E8FFD42159D17300A874E0 /* CollectionViewExampleUITests.swift in Sources */ = {isa = PBXBuildFile; fileRef = 84E8FFD32159D17300A874E0 /* CollectionViewExampleUITests.swift */; };
/* End PBXBuildFile section */

/* Begin PBXContainerItemProxy section */
		84E8FFC52159D17300A874E0 /* PBXContainerItemProxy */ = {
			isa = PBXContainerItemProxy;
			containerPortal = 84E8FFA82159D17100A874E0 /* Project object */;
			proxyType = 1;
			remoteGlobalIDString = 84E8FFAF2159D17200A874E0;
			remoteInfo = CollectionViewExample;
		};
		84E8FFD02159D17300A874E0 /* PBXContainerItemProxy */ = {
			isa = PBXContainerItemProxy;
			containerPortal = 84E8FFA82159D17100A874E0 /* Project object */;
			proxyType = 1;
			remoteGlobalIDString = 84E8FFAF2159D17200A874E0;
			remoteInfo = CollectionViewExample;
		};
/* End PBXContainerItemProxy section */

/* Begin PBXFileReference section */
		84E8FFB02159D17200A874E0 /* CollectionViewExample.app */ = {isa = PBXFileReference; explicitFileType = wrapper.application; includeInIndex = 0; path = CollectionViewExample.app; sourceTree = BUILT_PRODUCTS_DIR; };
		84E8FFB32159D17200A874E0 /* AppDelegate.swift */ = {isa = PBXFileReference; lastKnownFileType = sourcecode.swift; path = AppDelegate.swift; sourceTree = "<group>"; };
		84E8FFB52159D17200A874E0 /* ViewController.swift */ = {isa = PBXFileReference; lastKnownFileType = sourcecode.swift; path = ViewController.swift; sourceTree = "<group>"; };
		84E8FFB82159D17200A874E0 /* Base */ = {isa = PBXFileReference; lastKnownFileType = file.storyboard; name = Base; path = Base.lproj/Main.storyboard; sourceTree = "<group>"; };
		84E8FFBA2159D17300A874E0 /* Assets.xcassets */ = {isa = PBXFileReference; lastKnownFileType = folder.assetcatalog; path = Assets.xcassets; sourceTree = "<group>"; };
		84E8FFBD2159D17300A874E0 /* Base */ = {isa = PBXFileReference; lastKnownFileType = file.storyboard; name = Base; path = Base.lproj/LaunchScreen.storyboard; sourceTree = "<group>"; };
		84E8FFBF2159D17300A874E0 /* Info.plist */ = {isa = PBXFileReference; lastKnownFileType = text.plist.xml; path = Info.plist; sourceTree = "<group>"; };
		84E8FFC42159D17300A874E0 /* CollectionViewExampleTests.xctest */ = {isa = PBXFileReference; explicitFileType = wrapper.cfbundle; includeInIndex = 0; path = CollectionViewExampleTests.xctest; sourceTree = BUILT_PRODUCTS_DIR; };
		84E8FFC82159D17300A874E0 /* CollectionViewExampleTests.swift */ = {isa = PBXFileReference; lastKnownFileType = sourcecode.swift; path = CollectionViewExampleTests.swift; sourceTree = "<group>"; };
		84E8FFCA2159D17300A874E0 /* Info.plist */ = {isa = PBXFileReference; lastKnownFileType = text.plist.xml; path = Info.plist; sourceTree = "<group>"; };
		84E8FFCF2159D17300A874E0 /* CollectionViewExampleUITests.xctest */ = {isa = PBXFileReference; explicitFileType = wrapper.cfbundle; includeInIndex = 0; path = CollectionViewExampleUITests.xctest; sourceTree = BUILT_PRODUCTS_DIR; };
		84E8FFD32159D17300A874E0 /* CollectionViewExampleUITests.swift */ = {isa = PBXFileReference; lastKnownFileType = sourcecode.swift; path = CollectionViewExampleUITests.swift; sourceTree = "<group>"; };
		84E8FFD52159D17300A874E0 /* Info.plist */ = {isa = PBXFileReference; lastKnownFileType = text.plist.xml; path = Info.plist; sourceTree = "<group>"; };
/* End PBXFileReference section */

/* Begin PBXFrameworksBuildPhase section */
		84E8FFAD2159D17200A874E0 /* Frameworks */ = {
			isa = PBXFrameworksBuildPhase;
			buildActionMask = 2147483647;
			files = (
			);
			runOnlyForDeploymentPostprocessing = 0;
		};
		84E8FFC12159D17300A874E0 /* Frameworks */ = {
			isa = PBXFrameworksBuildPhase;
			buildActionMask = 2147483647;
			files = (
			);
			runOnlyForDeploymentPostprocessing = 0;
		};
		84E8FFCC2159D17300A874E0 /* Frameworks */ = {
			isa = PBXFrameworksBuildPhase;
			buildActionMask = 2147483647;
			files = (
			);
			runOnlyForDeploymentPostprocessing = 0;
		};
/* End PBXFrameworksBuildPhase section */

/* Begin PBXGroup section */
		84E8FFA72159D17100A874E0 = {
			isa = PBXGroup;
			children = (
				84E8FFB22159D17200A874E0 /* CollectionViewExample */,
				84E8FFC72159D17300A874E0 /* CollectionViewExampleTests */,
				84E8FFD22159D17300A874E0 /* CollectionViewExampleUITests */,
				84E8FFB12159D17200A874E0 /* Products */,
			);
			sourceTree = "<group>";
		};
		84E8FFB12159D17200A874E0 /* Products */ = {
			isa = PBXGroup;
			children = (
				84E8FFB02159D17200A874E0 /* CollectionViewExample.app */,
				84E8FFC42159D17300A874E0 /* CollectionViewExampleTests.xctest */,
				84E8FFCF2159D17300A874E0 /* CollectionViewExampleUITests.xctest */,
			);
			name = Products;
			sourceTree = "<group>";
		};
		84E8FFB22159D17200A874E0 /* CollectionViewExample */ = {
			isa = PBXGroup;
			children = (
				84E8FFB32159D17200A874E0 /* AppDelegate.swift */,
				84E8FFB52159D17200A874E0 /* ViewController.swift */,
				84E8FFB72159D17200A874E0 /* Main.storyboard */,
				84E8FFBA2159D17300A874E0 /* Assets.xcassets */,
				84E8FFBC2159D17300A874E0 /* LaunchScreen.storyboard */,
				84E8FFBF2159D17300A874E0 /* Info.plist */,
			);
			path = CollectionViewExample;
			sourceTree = "<group>";
		};
		84E8FFC72159D17300A874E0 /* CollectionViewExampleTests */ = {
			isa = PBXGroup;
			children = (
				84E8FFC82159D17300A874E0 /* CollectionViewExampleTests.swift */,
				84E8FFCA2159D17300A874E0 /* Info.plist */,
			);
			path = CollectionViewExampleTests;
			sourceTree = "<group>";
		};
		84E8FFD22159D17300A874E0 /* CollectionViewExampleUITests */ = {
			isa = PBXGroup;
			children = (
				84E8FFD32159D17300A874E0 /* CollectionViewExampleUITests.swift */,
				84E8FFD52159D17300A874E0 /* Info.plist */,
			);
			path = CollectionViewExampleUITests;
			sourceTree = "<group>";
		};
/* End PBXGroup section */

/* Begin PBXNativeTarget section */
		84E8FFAF2159D17200A874E0 /* CollectionViewExample */ = {
			isa = PBXNativeTarget;
			buildConfigurationList = 84E8FFD82159D17300A874E0 /* Build configuration list for PBXNativeTarget "CollectionViewExample" */;
			buildPhases = (
				84E8FFAC2159D17200A874E0 /* Sources */,
				84E8FFAD2159D17200A874E0 /* Frameworks */,
				84E8FFAE2159D17200A874E0 /* Resources */,
			);
			buildRules = (
			);
			dependencies = (
			);
			name = CollectionViewExample;
			productName = CollectionViewExample;
			productReference = 84E8FFB02159D17200A874E0 /* CollectionViewExample.app */;
			productType = "com.apple.product-type.application";
		};
		84E8FFC32159D17300A874E0 /* CollectionViewExampleTests */ = {
			isa = PBXNativeTarget;
			buildConfigurationList = 84E8FFDB2159D17300A874E0 /* Build configuration list for PBXNativeTarget "CollectionViewExampleTests" */;
			buildPhases = (
				84E8FFC02159D17300A874E0 /* Sources */,
				84E8FFC12159D17300A874E0 /* Frameworks */,
				84E8FFC22159D17300A874E0 /* Resources */,
			);
			buildRules = (
			);
			dependencies = (
				84E8FFC62159D17300A874E0 /* PBXTargetDependency */,
			);
			name = CollectionViewExampleTests;
			productName = CollectionViewExampleTests;
			productReference = 84E8FFC42159D17300A874E0 /* CollectionViewExampleTests.xctest */;
			productType = "com.apple.product-type.bundle.unit-test";
		};
		84E8FFCE2159D17300A874E0 /* CollectionViewExampleUITests */ = {
			isa = PBXNativeTarget;
			buildConfigurationList = 84E8FFDE2159D17300A874E0 /* Build configuration list for PBXNativeTarget "CollectionViewExampleUITests" */;
			buildPhases = (
				84E8FFCB2159D17300A874E0 /* Sources */,
				84E8FFCC2159D17300A874E0 /* Frameworks */,
				84E8FFCD2159D17300A874E0 /* Resources */,
			);
			buildRules = (
			);
			dependencies = (
				84E8FFD12159D17300A874E0 /* PBXTargetDependency */,
			);
			name = CollectionViewExampleUITests;
			productName = CollectionViewExampleUITests;
			productReference = 84E8FFCF2159D17300A874E0 /* CollectionViewExampleUITests.xctest */;
			productType = "com.apple.product-type.bundle.ui-testing";
		};
/* End PBXNativeTarget section */

/* Begin PBXProject section */
		84E8FFA82159D17100A874E0 /* Project object */ = {
			isa = PBXProject;
			attributes = {
				LastSwiftUpdateCheck = 0930;
				LastUpgradeCheck = 0930;
				ORGANIZATIONNAME = admin;
				TargetAttributes = {
					84E8FFAF2159D17200A874E0 = {
						CreatedOnToolsVersion = 9.3.1;
					};
					84E8FFC32159D17300A874E0 = {
						CreatedOnToolsVersion = 9.3.1;
						TestTargetID = 84E8FFAF2159D17200A874E0;
					};
					84E8FFCE2159D17300A874E0 = {
						CreatedOnToolsVersion = 9.3.1;
						TestTargetID = 84E8FFAF2159D17200A874E0;
					};
				};
			};
			buildConfigurationList = 84E8FFAB2159D17100A874E0 /* Build configuration list for PBXProject "CollectionViewExample" */;
			compatibilityVersion = "Xcode 9.3";
			developmentRegion = en;
			hasScannedForEncodings = 0;
			knownRegions = (
				en,
				Base,
			);
			mainGroup = 84E8FFA72159D17100A874E0;
			productRefGroup = 84E8FFB12159D17200A874E0 /* Products */;
			projectDirPath = "";
			projectRoot = "";
			targets = (
				84E8FFAF2159D17200A874E0 /* CollectionViewExample */,
				84E8FFC32159D17300A874E0 /* CollectionViewExampleTests */,
				84E8FFCE2159D17300A874E0 /* CollectionViewExampleUITests */,
			);
		};
/* End PBXProject section */

/* Begin PBXResourcesBuildPhase section */
		84E8FFAE2159D17200A874E0 /* Resources */ = {
			isa = PBXResourcesBuildPhase;
			buildActionMask = 2147483647;
			files = (
				84E8FFBE2159D17300A874E0 /* LaunchScreen.storyboard in Resources */,
				84E8FFBB2159D17300A874E0 /* Assets.xcassets in Resources */,
				84E8FFB92159D17200A874E0 /* Main.storyboard in Resources */,
			);
			runOnlyForDeploymentPostprocessing = 0;
		};
		84E8FFC22159D17300A874E0 /* Resources */ = {
			isa = PBXResourcesBuildPhase;
			buildActionMask = 2147483647;
			files = (
			);
			runOnlyForDeploymentPostprocessing = 0;
		};
		84E8FFCD2159D17300A874E0 /* Resources */ = {
			isa = PBXResourcesBuildPhase;
			buildActionMask = 2147483647;
			files = (
			);
			runOnlyForDeploymentPostprocessing = 0;
		};
/* End PBXResourcesBuildPhase section */

/* Begin PBXSourcesBuildPhase section */
		84E8FFAC2159D17200A874E0 /* Sources */ = {
			isa = PBXSourcesBuildPhase;
			buildActionMask = 2147483647;
			files = (
				84E8FFB62159D17200A874E0 /* ViewController.swift in Sources */,
				84E8FFB42159D17200A874E0 /* AppDelegate.swift in Sources */,
			);
			runOnlyForDeploymentPostprocessing = 0;
		};
		84E8FFC02159D17300A874E0 /* Sources */ = {
			isa = PBXSourcesBuildPhase;
			buildActionMask = 2147483647;
			files = (
				84E8FFC92159D17300A874E0 /* CollectionViewExampleTests.swift in Sources */,
			);
			runOnlyForDeploymentPostprocessing = 0;
		};
		84E8FFCB2159D17300A874E0 /* Sources */ = {
			isa = PBXSourcesBuildPhase;
			buildActionMask = 2147483647;
			files = (
				84E8FFD42159D17300A874E0 /* CollectionViewExampleUITests.swift in Sources */,
			);
			runOnlyForDeploymentPostprocessing = 0;
		};
/* End PBXSourcesBuildPhase section */

/* Begin PBXTargetDependency section */
		84E8FFC62159D17300A874E0 /* PBXTargetDependency */ = {
			isa = PBXTargetDependency;
			target = 84E8FFAF2159D17200A874E0 /* CollectionViewExample */;
			targetProxy = 84E8FFC52159D17300A874E0 /* PBXContainerItemProxy */;
		};
		84E8FFD12159D17300A874E0 /* PBXTargetDependency */ = {
			isa = PBXTargetDependency;
			target = 84E8FFAF2159D17200A874E0 /* CollectionViewExample */;
			targetProxy = 84E8FFD02159D17300A874E0 /* PBXContainerItemProxy */;
		};
/* End PBXTargetDependency section */

/* Begin PBXVariantGroup section */
		84E8FFB72159D17200A874E0 /* Main.storyboard */ = {
			isa = PBXVariantGroup;
			children = (
				84E8FFB82159D17200A874E0 /* Base */,
			);
			name = Main.storyboard;
			sourceTree = "<group>";
		};
		84E8FFBC2159D17300A874E0 /* LaunchScreen.storyboard */ = {
			isa = PBXVariantGroup;
			children = (
				84E8FFBD2159D17300A874E0 /* Base */,
			);
			name = LaunchScreen.storyboard;
			sourceTree = "<group>";
		};
/* End PBXVariantGroup section */

/* Begin XCBuildConfiguration section */
		84E8FFD62159D17300A874E0 /* Debug */ = {
			isa = XCBuildConfiguration;
			buildSettings = {
				ALWAYS_SEARCH_USER_PATHS = NO;
				CLANG_ANALYZER_NONNULL = YES;
				CLANG_ANALYZER_NUMBER_OBJECT_CONVERSION = YES_AGGRESSIVE;
				CLANG_CXX_LANGUAGE_STANDARD = "gnu++14";
				CLANG_CXX_LIBRARY = "libc++";
				CLANG_ENABLE_MODULES = YES;
				CLANG_ENABLE_OBJC_ARC = YES;
				CLANG_ENABLE_OBJC_WEAK = YES;
				CLANG_WARN_BLOCK_CAPTURE_AUTORELEASING = YES;
				CLANG_WARN_BOOL_CONVERSION = YES;
				CLANG_WARN_COMMA = YES;
				CLANG_WARN_CONSTANT_CONVERSION = YES;
				CLANG_WARN_DEPRECATED_OBJC_IMPLEMENTATIONS = YES;
				CLANG_WARN_DIRECT_OBJC_ISA_USAGE = YES_ERROR;
				CLANG_WARN_DOCUMENTATION_COMMENTS = YES;
				CLANG_WARN_EMPTY_BODY = YES;
				CLANG_WARN_ENUM_CONVERSION = YES;
				CLANG_WARN_INFINITE_RECURSION = YES;
				CLANG_WARN_INT_CONVERSION = YES;
				CLANG_WARN_NON_LITERAL_NULL_CONVERSION = YES;
				CLANG_WARN_OBJC_IMPLICIT_RETAIN_SELF = YES;
				CLANG_WARN_OBJC_LITERAL_CONVERSION = YES;
				CLANG_WARN_OBJC_ROOT_CLASS = YES_ERROR;
				CLANG_WARN_RANGE_LOOP_ANALYSIS = YES;
				CLANG_WARN_STRICT_PROTOTYPES = YES;
				CLANG_WARN_SUSPICIOUS_MOVE = YES;
				CLANG_WARN_UNGUARDED_AVAILABILITY = YES_AGGRESSIVE;
				CLANG_WARN_UNREACHABLE_CODE = YES;
				CLANG_WARN__DUPLICATE_METHOD_MATCH = YES;
				CODE_SIGN_IDENTITY = "iPhone Developer";
				COPY_PHASE_STRIP = NO;
				DEBUG_INFORMATION_FORMAT = dwarf;
				ENABLE_STRICT_OBJC_MSGSEND = YES;
				ENABLE_TESTABILITY = YES;
				GCC_C_LANGUAGE_STANDARD = gnu11;
				GCC_DYNAMIC_NO_PIC = NO;
				GCC_NO_COMMON_BLOCKS = YES;
				GCC_OPTIMIZATION_LEVEL = 0;
				GCC_PREPROCESSOR_DEFINITIONS = (
					"DEBUG=1",
					"$(inherited)",
				);
				GCC_WARN_64_TO_32_BIT_CONVERSION = YES;
				GCC_WARN_ABOUT_RETURN_TYPE = YES_ERROR;
				GCC_WARN_UNDECLARED_SELECTOR = YES;
				GCC_WARN_UNINITIALIZED_AUTOS = YES_AGGRESSIVE;
				GCC_WARN_UNUSED_FUNCTION = YES;
				GCC_WARN_UNUSED_VARIABLE = YES;
				IPHONEOS_DEPLOYMENT_TARGET = 11.3;
				MTL_ENABLE_DEBUG_INFO = YES;
				ONLY_ACTIVE_ARCH = YES;
				SDKROOT = iphoneos;
				SWIFT_ACTIVE_COMPILATION_CONDITIONS = DEBUG;
				SWIFT_OPTIMIZATION_LEVEL = "-Onone";
			};
			name = Debug;
		};
		84E8FFD72159D17300A874E0 /* Release */ = {
			isa = XCBuildConfiguration;
			buildSettings = {
				ALWAYS_SEARCH_USER_PATHS = NO;
				CLANG_ANALYZER_NONNULL = YES;
				CLANG_ANALYZER_NUMBER_OBJECT_CONVERSION = YES_AGGRESSIVE;
				CLANG_CXX_LANGUAGE_STANDARD = "gnu++14";
				CLANG_CXX_LIBRARY = "libc++";
				CLANG_ENABLE_MODULES = YES;
				CLANG_ENABLE_OBJC_ARC = YES;
				CLANG_ENABLE_OBJC_WEAK = YES;
				CLANG_WARN_BLOCK_CAPTURE_AUTORELEASING = YES;
				CLANG_WARN_BOOL_CONVERSION = YES;
				CLANG_WARN_COMMA = YES;
				CLANG_WARN_CONSTANT_CONVERSION = YES;
				CLANG_WARN_DEPRECATED_OBJC_IMPLEMENTATIONS = YES;
				CLANG_WARN_DIRECT_OBJC_ISA_USAGE = YES_ERROR;
				CLANG_WARN_DOCUMENTATION_COMMENTS = YES;
				CLANG_WARN_EMPTY_BODY = YES;
				CLANG_WARN_ENUM_CONVERSION = YES;
				CLANG_WARN_INFINITE_RECURSION = YES;
				CLANG_WARN_INT_CONVERSION = YES;
				CLANG_WARN_NON_LITERAL_NULL_CONVERSION = YES;
				CLANG_WARN_OBJC_IMPLICIT_RETAIN_SELF = YES;
				CLANG_WARN_OBJC_LITERAL_CONVERSION = YES;
				CLANG_WARN_OBJC_ROOT_CLASS = YES_ERROR;
				CLANG_WARN_RANGE_LOOP_ANALYSIS = YES;
				CLANG_WARN_STRICT_PROTOTYPES = YES;
				CLANG_WARN_SUSPICIOUS_MOVE = YES;
				CLANG_WARN_UNGUARDED_AVAILABILITY = YES_AGGRESSIVE;
				CLANG_WARN_UNREACHABLE_CODE = YES;
				CLANG_WARN__DUPLICATE_METHOD_MATCH = YES;
				CODE_SIGN_IDENTITY = "iPhone Developer";
				COPY_PHASE_STRIP = NO;
				DEBUG_INFORMATION_FORMAT = "dwarf-with-dsym";
				ENABLE_NS_ASSERTIONS = NO;
				ENABLE_STRICT_OBJC_MSGSEND = YES;
				GCC_C_LANGUAGE_STANDARD = gnu11;
				GCC_NO_COMMON_BLOCKS = YES;
				GCC_WARN_64_TO_32_BIT_CONVERSION = YES;
				GCC_WARN_ABOUT_RETURN_TYPE = YES_ERROR;
				GCC_WARN_UNDECLARED_SELECTOR = YES;
				GCC_WARN_UNINITIALIZED_AUTOS = YES_AGGRESSIVE;
				GCC_WARN_UNUSED_FUNCTION = YES;
				GCC_WARN_UNUSED_VARIABLE = YES;
				IPHONEOS_DEPLOYMENT_TARGET = 11.3;
				MTL_ENABLE_DEBUG_INFO = NO;
				SDKROOT = iphoneos;
				SWIFT_COMPILATION_MODE = wholemodule;
				SWIFT_OPTIMIZATION_LEVEL = "-O";
				VALIDATE_PRODUCT = YES;
			};
			name = Release;
		};
		84E8FFD92159D17300A874E0 /* Debug */ = {
			isa = XCBuildConfiguration;
			buildSettings = {
				ASSETCATALOG_COMPILER_APPICON_NAME = AppIcon;
				CODE_SIGN_STYLE = Automatic;
				INFOPLIST_FILE = CollectionViewExample/Info.plist;
				LD_RUNPATH_SEARCH_PATHS = (
					"$(inherited)",
					"@executable_path/Frameworks",
				);
				PRODUCT_BUNDLE_IDENTIFIER = gem.fresher.CollectionViewExample;
				PRODUCT_NAME = "$(TARGET_NAME)";
				SWIFT_VERSION = 4.0;
				TARGETED_DEVICE_FAMILY = "1,2";
			};
			name = Debug;
		};
		84E8FFDA2159D17300A874E0 /* Release */ = {
			isa = XCBuildConfiguration;
			buildSettings = {
				ASSETCATALOG_COMPILER_APPICON_NAME = AppIcon;
				CODE_SIGN_STYLE = Automatic;
				INFOPLIST_FILE = CollectionViewExample/Info.plist;
				LD_RUNPATH_SEARCH_PATHS = (
					"$(inherited)",
					"@executable_path/Frameworks",
				);
				PRODUCT_BUNDLE_IDENTIFIER = gem.fresher.CollectionViewExample;
				PRODUCT_NAME = "$(TARGET_NAME)";
				SWIFT_VERSION = 4.0;
				TARGETED_DEVICE_FAMILY = "1,2";
			};
			name = Release;
		};
		84E8FFDC2159D17300A874E0 /* Debug */ = {
			isa = XCBuildConfiguration;
			buildSettings = {
				ALWAYS_EMBED_SWIFT_STANDARD_LIBRARIES = YES;
				BUNDLE_LOADER = "$(TEST_HOST)";
				CODE_SIGN_STYLE = Automatic;
				INFOPLIST_FILE = CollectionViewExampleTests/Info.plist;
				LD_RUNPATH_SEARCH_PATHS = (
					"$(inherited)",
					"@executable_path/Frameworks",
					"@loader_path/Frameworks",
				);
				PRODUCT_BUNDLE_IDENTIFIER = gem.fresher.CollectionViewExampleTests;
				PRODUCT_NAME = "$(TARGET_NAME)";
				SWIFT_VERSION = 4.0;
				TARGETED_DEVICE_FAMILY = "1,2";
				TEST_HOST = "$(BUILT_PRODUCTS_DIR)/CollectionViewExample.app/CollectionViewExample";
			};
			name = Debug;
		};
		84E8FFDD2159D17300A874E0 /* Release */ = {
			isa = XCBuildConfiguration;
			buildSettings = {
				ALWAYS_EMBED_SWIFT_STANDARD_LIBRARIES = YES;
				BUNDLE_LOADER = "$(TEST_HOST)";
				CODE_SIGN_STYLE = Automatic;
				INFOPLIST_FILE = CollectionViewExampleTests/Info.plist;
				LD_RUNPATH_SEARCH_PATHS = (
					"$(inherited)",
					"@executable_path/Frameworks",
					"@loader_path/Frameworks",
				);
				PRODUCT_BUNDLE_IDENTIFIER = gem.fresher.CollectionViewExampleTests;
				PRODUCT_NAME = "$(TARGET_NAME)";
				SWIFT_VERSION = 4.0;
				TARGETED_DEVICE_FAMILY = "1,2";
				TEST_HOST = "$(BUILT_PRODUCTS_DIR)/CollectionViewExample.app/CollectionViewExample";
			};
			name = Release;
		};
		84E8FFDF2159D17300A874E0 /* Debug */ = {
			isa = XCBuildConfiguration;
			buildSettings = {
				ALWAYS_EMBED_SWIFT_STANDARD_LIBRARIES = YES;
				CODE_SIGN_STYLE = Automatic;
				INFOPLIST_FILE = CollectionViewExampleUITests/Info.plist;
				LD_RUNPATH_SEARCH_PATHS = (
					"$(inherited)",
					"@executable_path/Frameworks",
					"@loader_path/Frameworks",
				);
				PRODUCT_BUNDLE_IDENTIFIER = gem.fresher.CollectionViewExampleUITests;
				PRODUCT_NAME = "$(TARGET_NAME)";
				SWIFT_VERSION = 4.0;
				TARGETED_DEVICE_FAMILY = "1,2";
				TEST_TARGET_NAME = CollectionViewExample;
			};
			name = Debug;
		};
		84E8FFE02159D17300A874E0 /* Release */ = {
			isa = XCBuildConfiguration;
			buildSettings = {
				ALWAYS_EMBED_SWIFT_STANDARD_LIBRARIES = YES;
				CODE_SIGN_STYLE = Automatic;
				INFOPLIST_FILE = CollectionViewExampleUITests/Info.plist;
				LD_RUNPATH_SEARCH_PATHS = (
					"$(inherited)",
					"@executable_path/Frameworks",
					"@loader_path/Frameworks",
				);
				PRODUCT_BUNDLE_IDENTIFIER = gem.fresher.CollectionViewExampleUITests;
				PRODUCT_NAME = "$(TARGET_NAME)";
				SWIFT_VERSION = 4.0;
				TARGETED_DEVICE_FAMILY = "1,2";
				TEST_TARGET_NAME = CollectionViewExample;
			};
			name = Release;
		};
/* End XCBuildConfiguration section */

/* Begin XCConfigurationList section */
		84E8FFAB2159D17100A874E0 /* Build configuration list for PBXProject "CollectionViewExample" */ = {
			isa = XCConfigurationList;
			buildConfigurations = (
				84E8FFD62159D17300A874E0 /* Debug */,
				84E8FFD72159D17300A874E0 /* Release */,
			);
			defaultConfigurationIsVisible = 0;
			defaultConfigurationName = Release;
		};
		84E8FFD82159D17300A874E0 /* Build configuration list for PBXNativeTarget "CollectionViewExample" */ = {
			isa = XCConfigurationList;
			buildConfigurations = (
				84E8FFD92159D17300A874E0 /* Debug */,
				84E8FFDA2159D17300A874E0 /* Release */,
			);
			defaultConfigurationIsVisible = 0;
			defaultConfigurationName = Release;
		};
		84E8FFDB2159D17300A874E0 /* Build configuration list for PBXNativeTarget "CollectionViewExampleTests" */ = {
			isa = XCConfigurationList;
			buildConfigurations = (
				84E8FFDC2159D17300A874E0 /* Debug */,
				84E8FFDD2159D17300A874E0 /* Release */,
			);
			defaultConfigurationIsVisible = 0;
			defaultConfigurationName = Release;
		};
		84E8FFDE2159D17300A874E0 /* Build configuration list for PBXNativeTarget "CollectionViewExampleUITests" */ = {
			isa = XCConfigurationList;
			buildConfigurations = (
				84E8FFDF2159D17300A874E0 /* Debug */,
				84E8FFE02159D17300A874E0 /* Release */,
			);
			defaultConfigurationIsVisible = 0;
			defaultConfigurationName = Release;
		};
/* End XCConfigurationList section */
	};
	rootObject = 84E8FFA82159D17100A874E0 /* Project object */;
}
